{
  "version": 4,
  "terraform_version": "1.0.3",
  "serial": 169,
  "lineage": "0c74a697-6e89-e5ca-11cc-773b56a909fc",
  "outputs": {
    "availability_zones": {
      "value": [
        "us-west-2a",
        "us-west-2b"
      ],
      "type": [
        "tuple",
        [
          "string",
          "string"
        ]
      ]
    },
    "public_ip": {
      "value": "34.216.125.200",
      "type": "string"
    },
    "subnet_ids": {
      "value": [
        [
          "subnet-07a03fdc5d8f3a125",
          "subnet-0f32b360cffea38ea"
        ]
      ],
      "type": [
        "tuple",
        [
          [
            "tuple",
            [
              "string",
              "string"
            ]
          ]
        ]
      ]
    },
    "vpc_id": {
      "value": "vpc-0ed81107b1568bc8b",
      "type": "string"
    },
    "your_ip": {
      "value": "91.196.54.5",
      "type": "string"
    }
  },
  "resources": [
    {
      "mode": "data",
      "type": "aws_ami",
      "name": "AWS_AMI_RES",
      "provider": "provider[\"registry.terraform.io/hashicorp/aws\"]",
      "instances": [
        {
          "schema_version": 0,
          "attributes": {
            "architecture": "x86_64",
            "arn": "arn:aws:ec2:us-west-2::image/ami-083ac7c7ecf9bb9b0",
            "block_device_mappings": [
              {
                "device_name": "/dev/xvda",
                "ebs": {
                  "delete_on_termination": "true",
                  "encrypted": "false",
                  "iops": "0",
                  "snapshot_id": "snap-02e662707f8a898f4",
                  "throughput": "0",
                  "volume_size": "8",
                  "volume_type": "gp2"
                },
                "no_device": "",
                "virtual_name": ""
              }
            ],
            "creation_date": "2021-07-27T06:11:25.000Z",
            "description": "Amazon Linux 2 AMI 2.0.20210721.2 x86_64 HVM gp2",
            "ena_support": true,
            "executable_users": null,
            "filter": [
              {
                "name": "name",
                "values": [
                  "amzn2-ami-hvm-2.0*"
                ]
              },
              {
                "name": "virtualization-type",
                "values": [
                  "hvm"
                ]
              }
            ],
            "hypervisor": "xen",
            "id": "ami-083ac7c7ecf9bb9b0",
            "image_id": "ami-083ac7c7ecf9bb9b0",
            "image_location": "amazon/amzn2-ami-hvm-2.0.20210721.2-x86_64-gp2",
            "image_owner_alias": "amazon",
            "image_type": "machine",
            "kernel_id": null,
            "most_recent": true,
            "name": "amzn2-ami-hvm-2.0.20210721.2-x86_64-gp2",
            "name_regex": null,
            "owner_id": "137112412989",
            "owners": [
              "amazon"
            ],
            "platform": null,
            "platform_details": "Linux/UNIX",
            "product_codes": [],
            "public": true,
            "ramdisk_id": null,
            "root_device_name": "/dev/xvda",
            "root_device_type": "ebs",
            "root_snapshot_id": "snap-02e662707f8a898f4",
            "sriov_net_support": "simple",
            "state": "available",
            "state_reason": {
              "code": "UNSET",
              "message": "UNSET"
            },
            "tags": {},
            "usage_operation": "RunInstances",
            "virtualization_type": "hvm"
          },
          "sensitive_attributes": []
        }
      ]
    },
    {
      "mode": "data",
      "type": "aws_availability_zones",
      "name": "zones",
      "provider": "provider[\"registry.terraform.io/hashicorp/aws\"]",
      "instances": [
        {
          "schema_version": 0,
          "attributes": {
            "all_availability_zones": null,
            "exclude_names": null,
            "exclude_zone_ids": null,
            "filter": null,
            "group_names": [
              "us-west-2"
            ],
            "id": "us-west-2",
            "names": [
              "us-west-2a",
              "us-west-2b",
              "us-west-2c",
              "us-west-2d"
            ],
            "state": "available",
            "zone_ids": [
              "usw2-az2",
              "usw2-az1",
              "usw2-az3",
              "usw2-az4"
            ]
          },
          "sensitive_attributes": []
        }
      ]
    },
    {
      "mode": "data",
      "type": "http",
      "name": "myip",
      "provider": "provider[\"registry.terraform.io/hashicorp/http\"]",
      "instances": [
        {
          "schema_version": 0,
          "attributes": {
            "body": "91.196.54.5\n",
            "id": "http://ipv4.icanhazip.com",
            "request_headers": null,
            "response_headers": {
              "Access-Control-Allow-Methods": "GET",
              "Access-Control-Allow-Origin": "*",
              "Alt-Svc": "h3-27=\":443\"; ma=86400, h3-28=\":443\"; ma=86400, h3-29=\":443\"; ma=86400, h3=\":443\"; ma=86400",
              "Cf-Ray": "687ef8b3ebe42da0-KBP",
              "Connection": "keep-alive",
              "Content-Length": "12",
              "Content-Type": "text/plain",
              "Date": "Wed, 01 Sep 2021 13:51:06 GMT",
              "Server": "cloudflare",
              "Set-Cookie": "__cf_bm=c598afca9ab40ea9156fe5e19c3b5a737ebf7954-1630504266-1800-AcEyGHNq2ze1ODCrlkwYflQ9j54KuYMrAjmUDAl8GFS7BndBWRwjkvGxZF10VXA3DvKOi2/E5S0La98eNN1e6lU=; path=/; expires=Wed, 01-Sep-21 14:21:06 GMT; domain=.icanhazip.com; HttpOnly; SameSite=None",
              "Vary": "Accept-Encoding"
            },
            "url": "http://ipv4.icanhazip.com"
          },
          "sensitive_attributes": []
        }
      ]
    },
    {
      "mode": "managed",
      "type": "aws_instance",
      "name": "INSTANCE_NEW",
      "provider": "provider[\"registry.terraform.io/hashicorp/aws\"]",
      "instances": [
        {
          "status": "tainted",
          "schema_version": 1,
          "attributes": {
            "ami": "ami-083ac7c7ecf9bb9b0",
            "arn": "arn:aws:ec2:us-west-2:711454914059:instance/i-0fe62d4cdfd402c02",
            "associate_public_ip_address": true,
            "availability_zone": "us-west-2a",
            "capacity_reservation_specification": [
              {
                "capacity_reservation_preference": "open",
                "capacity_reservation_target": []
              }
            ],
            "cpu_core_count": 1,
            "cpu_threads_per_core": 1,
            "credit_specification": [
              {
                "cpu_credits": "standard"
              }
            ],
            "disable_api_termination": false,
            "ebs_block_device": [],
            "ebs_optimized": false,
            "enclave_options": [
              {
                "enabled": false
              }
            ],
            "ephemeral_block_device": [],
            "get_password_data": false,
            "hibernation": false,
            "host_id": null,
            "iam_instance_profile": "",
            "id": "i-0fe62d4cdfd402c02",
            "instance_initiated_shutdown_behavior": "stop",
            "instance_state": "running",
            "instance_type": "t2.micro",
            "ipv6_address_count": 0,
            "ipv6_addresses": [],
            "key_name": "public-aws-key",
            "launch_template": [],
            "metadata_options": [
              {
                "http_endpoint": "enabled",
                "http_put_response_hop_limit": 1,
                "http_tokens": "optional"
              }
            ],
            "monitoring": false,
            "network_interface": [],
            "outpost_arn": "",
            "password_data": "",
            "placement_group": "",
            "primary_network_interface_id": "eni-0524e0007f78a3fc2",
            "private_dns": "ip-10-0-1-207.us-west-2.compute.internal",
            "private_ip": "10.0.1.207",
            "public_dns": "",
            "public_ip": "52.35.95.56",
            "root_block_device": [
              {
                "delete_on_termination": true,
                "device_name": "/dev/xvda",
                "encrypted": false,
                "iops": 100,
                "kms_key_id": "",
                "tags": {},
                "throughput": 0,
                "volume_id": "vol-025a25eb139b884ab",
                "volume_size": 8,
                "volume_type": "gp2"
              }
            ],
            "secondary_private_ips": [],
            "security_groups": [],
            "source_dest_check": true,
            "subnet_id": "subnet-07a03fdc5d8f3a125",
            "tags": {
              "type": "new-instance-test"
            },
            "tags_all": {
              "type": "new-instance-test"
            },
            "tenancy": "default",
            "timeouts": null,
            "user_data": null,
            "user_data_base64": null,
            "volume_tags": null,
            "vpc_security_group_ids": [
              "sg-009e20d5bf715e074"
            ]
          },
          "sensitive_attributes": [],
          "private": "eyJlMmJmYjczMC1lY2FhLTExZTYtOGY4OC0zNDM2M2JjN2M0YzAiOnsiY3JlYXRlIjo2MDAwMDAwMDAwMDAsImRlbGV0ZSI6MTIwMDAwMDAwMDAwMCwidXBkYXRlIjo2MDAwMDAwMDAwMDB9LCJzY2hlbWFfdmVyc2lvbiI6IjEifQ==",
          "dependencies": [
            "aws_key_pair.AWS_KEY",
            "aws_security_group.SECURITY_GROUP_PORTS",
            "aws_subnet.SUBNET",
            "data.aws_ami.AWS_AMI_RES"
          ]
        }
      ]
    },
    {
      "mode": "managed",
      "type": "aws_internet_gateway",
      "name": "GW",
      "provider": "provider[\"registry.terraform.io/hashicorp/aws\"]",
      "instances": [
        {
          "schema_version": 0,
          "attributes": {
            "arn": "arn:aws:ec2:us-west-2:711454914059:internet-gateway/igw-00be49449e9e22049",
            "id": "igw-00be49449e9e22049",
            "owner_id": "711454914059",
            "tags": {
              "Name": "AWS GW"
            },
            "tags_all": {
              "Name": "AWS GW"
            },
            "vpc_id": "vpc-0ed81107b1568bc8b"
          },
          "sensitive_attributes": [],
          "private": "bnVsbA==",
          "dependencies": [
            "aws_vpc.VPC"
          ]
        }
      ]
    },
    {
      "mode": "managed",
      "type": "aws_key_pair",
      "name": "AWS_KEY",
      "provider": "provider[\"registry.terraform.io/hashicorp/aws\"]",
      "instances": [
        {
          "schema_version": 1,
          "attributes": {
            "arn": "arn:aws:ec2:us-west-2:711454914059:key-pair/public-aws-key",
            "fingerprint": "66:30:85:07:09:69:b7:70:66:f2:62:e1:ba:17:8f:83",
            "id": "public-aws-key",
            "key_name": "public-aws-key",
            "key_name_prefix": null,
            "key_pair_id": "key-094f6d76920e9d117",
            "public_key": "ssh-rsa AAAAB3NzaC1yc2EAAAADAQABAAABAQDd3ssSq1AJ3TST73Btuc977BxSqg2yZhivRCF/aFeNoEvNcQ9kiN8N1G1yfQ4fcWIn5NxG2qyuYurAAIlZ+c5ojkWvL4KHzdk1yz1R7ZnOWwIJfPdSCt/DVltU7X96G0SpsNiUr7HoxDS77p3OHTo1zzGRjWKRA4nnK6Dkk3j+TrZYYYNkmagYHjZYd7ZBrluukq63m7fiKzCrFQXQxFoKnqTGHqcnGyutnvumYyH5s+ZPE+8SDbkWaq16Ql3h+TrVKSuyQHdNBkCEELeTlwk9nIqF7rS2ctbwbqmSdGyBs8QWN9932WHi7s+I6aByX/Lp+9oT1oY3Aihfn3SmEt6/ volodymyr@Volodymyrs-MacBook-Pro.local",
            "tags": {},
            "tags_all": {}
          },
          "sensitive_attributes": [],
          "private": "eyJzY2hlbWFfdmVyc2lvbiI6IjEifQ=="
        }
      ]
    },
    {
      "mode": "managed",
      "type": "aws_route_table",
      "name": "ROUTING_TABLE",
      "provider": "provider[\"registry.terraform.io/hashicorp/aws\"]",
      "instances": [
        {
          "schema_version": 0,
          "attributes": {
            "arn": "arn:aws:ec2:us-west-2:711454914059:route-table/rtb-0431c3a53e5e06455",
            "id": "rtb-0431c3a53e5e06455",
            "owner_id": "711454914059",
            "propagating_vgws": [],
            "route": [
              {
                "carrier_gateway_id": "",
                "cidr_block": "0.0.0.0/0",
                "destination_prefix_list_id": "",
                "egress_only_gateway_id": "",
                "gateway_id": "igw-00be49449e9e22049",
                "instance_id": "",
                "ipv6_cidr_block": "",
                "local_gateway_id": "",
                "nat_gateway_id": "",
                "network_interface_id": "",
                "transit_gateway_id": "",
                "vpc_endpoint_id": "",
                "vpc_peering_connection_id": ""
              }
            ],
            "tags": {
              "Name": "RoutingTable-public"
            },
            "tags_all": {
              "Name": "RoutingTable-public"
            },
            "vpc_id": "vpc-0ed81107b1568bc8b"
          },
          "sensitive_attributes": [],
          "private": "bnVsbA==",
          "dependencies": [
            "aws_internet_gateway.GW",
            "aws_vpc.VPC"
          ]
        }
      ]
    },
    {
      "mode": "managed",
      "type": "aws_route_table_association",
      "name": "ROUTE_TABLE",
      "provider": "provider[\"registry.terraform.io/hashicorp/aws\"]",
      "instances": [
        {
          "index_key": 0,
          "schema_version": 0,
          "attributes": {
            "gateway_id": "",
            "id": "rtbassoc-002b04cae1598ff87",
            "route_table_id": "rtb-0431c3a53e5e06455",
            "subnet_id": "subnet-07a03fdc5d8f3a125"
          },
          "sensitive_attributes": [],
          "private": "bnVsbA==",
          "dependencies": [
            "aws_route_table.ROUTING_TABLE",
            "aws_subnet.SUBNET",
            "aws_vpc.VPC",
            "data.aws_availability_zones.zones",
            "aws_internet_gateway.GW"
          ]
        },
        {
          "index_key": 1,
          "schema_version": 0,
          "attributes": {
            "gateway_id": "",
            "id": "rtbassoc-01621b4060c4f13dd",
            "route_table_id": "rtb-0431c3a53e5e06455",
            "subnet_id": "subnet-0f32b360cffea38ea"
          },
          "sensitive_attributes": [],
          "private": "bnVsbA==",
          "dependencies": [
            "aws_vpc.VPC",
            "data.aws_availability_zones.zones",
            "aws_internet_gateway.GW",
            "aws_route_table.ROUTING_TABLE",
            "aws_subnet.SUBNET"
          ]
        }
      ]
    },
    {
      "mode": "managed",
      "type": "aws_security_group",
      "name": "SECURITY_GROUP_PORTS",
      "provider": "provider[\"registry.terraform.io/hashicorp/aws\"]",
      "instances": [
        {
          "schema_version": 1,
          "attributes": {
            "arn": "arn:aws:ec2:us-west-2:711454914059:security-group/sg-009e20d5bf715e074",
            "description": "Allow TLS inbound traffic",
            "egress": [
              {
                "cidr_blocks": [
                  "0.0.0.0/0"
                ],
                "description": "Egress from VPC",
                "from_port": 0,
                "ipv6_cidr_blocks": [],
                "prefix_list_ids": [],
                "protocol": "-1",
                "security_groups": [],
                "self": false,
                "to_port": 0
              }
            ],
            "id": "sg-009e20d5bf715e074",
            "ingress": [
              {
                "cidr_blocks": [
                  "91.196.54.5/32"
                ],
                "description": "HTTP from VPC",
                "from_port": 80,
                "ipv6_cidr_blocks": [],
                "prefix_list_ids": [],
                "protocol": "tcp",
                "security_groups": [],
                "self": false,
                "to_port": 80
              },
              {
                "cidr_blocks": [
                  "91.196.54.5/32"
                ],
                "description": "SSH from VPC",
                "from_port": 22,
                "ipv6_cidr_blocks": [],
                "prefix_list_ids": [],
                "protocol": "tcp",
                "security_groups": [],
                "self": false,
                "to_port": 22
              }
            ],
            "name": "allow_tls20210901124536999000000001",
            "name_prefix": "allow_tls",
            "owner_id": "711454914059",
            "revoke_rules_on_delete": false,
            "tags": {
              "Name": "allow_tls"
            },
            "tags_all": {
              "Name": "allow_tls"
            },
            "timeouts": null,
            "vpc_id": "vpc-0ed81107b1568bc8b"
          },
          "sensitive_attributes": [],
          "private": "eyJlMmJmYjczMC1lY2FhLTExZTYtOGY4OC0zNDM2M2JjN2M0YzAiOnsiY3JlYXRlIjo2MDAwMDAwMDAwMDAsImRlbGV0ZSI6OTAwMDAwMDAwMDAwfSwic2NoZW1hX3ZlcnNpb24iOiIxIn0=",
          "dependencies": [
            "aws_vpc.VPC",
            "data.http.myip"
          ]
        }
      ]
    },
    {
      "mode": "managed",
      "type": "aws_subnet",
      "name": "SUBNET",
      "provider": "provider[\"registry.terraform.io/hashicorp/aws\"]",
      "instances": [
        {
          "index_key": 0,
          "schema_version": 1,
          "attributes": {
            "arn": "arn:aws:ec2:us-west-2:711454914059:subnet/subnet-07a03fdc5d8f3a125",
            "assign_ipv6_address_on_creation": false,
            "availability_zone": "us-west-2a",
            "availability_zone_id": "usw2-az2",
            "cidr_block": "10.0.1.0/24",
            "customer_owned_ipv4_pool": "",
            "id": "subnet-07a03fdc5d8f3a125",
            "ipv6_cidr_block": "",
            "ipv6_cidr_block_association_id": "",
            "map_customer_owned_ip_on_launch": false,
            "map_public_ip_on_launch": false,
            "outpost_arn": "",
            "owner_id": "711454914059",
            "tags": {
              "Name": "Subnet-public-1"
            },
            "tags_all": {
              "Name": "Subnet-public-1"
            },
            "timeouts": null,
            "vpc_id": "vpc-0ed81107b1568bc8b"
          },
          "sensitive_attributes": [],
          "private": "eyJlMmJmYjczMC1lY2FhLTExZTYtOGY4OC0zNDM2M2JjN2M0YzAiOnsiY3JlYXRlIjo2MDAwMDAwMDAwMDAsImRlbGV0ZSI6MTIwMDAwMDAwMDAwMH0sInNjaGVtYV92ZXJzaW9uIjoiMSJ9",
          "dependencies": [
            "aws_vpc.VPC",
            "data.aws_availability_zones.zones"
          ]
        },
        {
          "index_key": 1,
          "schema_version": 1,
          "attributes": {
            "arn": "arn:aws:ec2:us-west-2:711454914059:subnet/subnet-0f32b360cffea38ea",
            "assign_ipv6_address_on_creation": false,
            "availability_zone": "us-west-2b",
            "availability_zone_id": "usw2-az1",
            "cidr_block": "10.0.2.0/24",
            "customer_owned_ipv4_pool": "",
            "id": "subnet-0f32b360cffea38ea",
            "ipv6_cidr_block": "",
            "ipv6_cidr_block_association_id": "",
            "map_customer_owned_ip_on_launch": false,
            "map_public_ip_on_launch": false,
            "outpost_arn": "",
            "owner_id": "711454914059",
            "tags": {
              "Name": "Subnet-public-2"
            },
            "tags_all": {
              "Name": "Subnet-public-2"
            },
            "timeouts": null,
            "vpc_id": "vpc-0ed81107b1568bc8b"
          },
          "sensitive_attributes": [],
          "private": "eyJlMmJmYjczMC1lY2FhLTExZTYtOGY4OC0zNDM2M2JjN2M0YzAiOnsiY3JlYXRlIjo2MDAwMDAwMDAwMDAsImRlbGV0ZSI6MTIwMDAwMDAwMDAwMH0sInNjaGVtYV92ZXJzaW9uIjoiMSJ9",
          "dependencies": [
            "aws_vpc.VPC",
            "data.aws_availability_zones.zones"
          ]
        }
      ]
    },
    {
      "mode": "managed",
      "type": "aws_vpc",
      "name": "VPC",
      "provider": "provider[\"registry.terraform.io/hashicorp/aws\"]",
      "instances": [
        {
          "schema_version": 1,
          "attributes": {
            "arn": "arn:aws:ec2:us-west-2:711454914059:vpc/vpc-0ed81107b1568bc8b",
            "assign_generated_ipv6_cidr_block": false,
            "cidr_block": "10.0.0.0/16",
            "default_network_acl_id": "acl-0da167d5e48db07d4",
            "default_route_table_id": "rtb-0de0f09e00aa03d3f",
            "default_security_group_id": "sg-0cccec489d5cf5e49",
            "dhcp_options_id": "dopt-7fd1ed07",
            "enable_classiclink": false,
            "enable_classiclink_dns_support": false,
            "enable_dns_hostnames": false,
            "enable_dns_support": true,
            "id": "vpc-0ed81107b1568bc8b",
            "instance_tenancy": "default",
            "ipv6_association_id": "",
            "ipv6_cidr_block": "",
            "main_route_table_id": "rtb-0de0f09e00aa03d3f",
            "owner_id": "711454914059",
            "tags": {
              "Name": "VPC"
            },
            "tags_all": {
              "Name": "VPC"
            }
          },
          "sensitive_attributes": [],
          "private": "eyJzY2hlbWFfdmVyc2lvbiI6IjEifQ=="
        }
      ]
    }
  ]
}
