{
  "version": 4,
  "terraform_version": "1.0.3",
  "serial": 17,
  "lineage": "15485ec6-0a67-b279-7a39-4218ccc4a433",
  "outputs": {},
  "resources": [
    {
      "module": "module.app_instance",
      "mode": "data",
      "type": "aws_ami",
      "name": "AWS_AMI_RES",
      "provider": "provider[\"registry.terraform.io/hashicorp/aws\"]",
      "instances": [
        {
          "schema_version": 0,
          "attributes": {
            "architecture": "x86_64",
            "arn": "arn:aws:ec2:us-west-2::image/ami-0c2d06d50ce30b442",
            "block_device_mappings": [
              {
                "device_name": "/dev/xvda",
                "ebs": {
                  "delete_on_termination": "true",
                  "encrypted": "false",
                  "iops": "0",
                  "snapshot_id": "snap-080a67170bf51bff7",
                  "throughput": "0",
                  "volume_size": "8",
                  "volume_type": "gp2"
                },
                "no_device": "",
                "virtual_name": ""
              }
            ],
            "creation_date": "2021-08-25T06:57:26.000Z",
            "description": "Amazon Linux 2 AMI 2.0.20210813.1 x86_64 HVM gp2",
            "ena_support": true,
            "executable_users": null,
            "filter": [
              {
                "name": "name",
                "values": [
                  "amzn2-ami-hvm-2.0*"
                ]
              },
              {
                "name": "virtualization-type",
                "values": [
                  "hvm"
                ]
              }
            ],
            "hypervisor": "xen",
            "id": "ami-0c2d06d50ce30b442",
            "image_id": "ami-0c2d06d50ce30b442",
            "image_location": "amazon/amzn2-ami-hvm-2.0.20210813.1-x86_64-gp2",
            "image_owner_alias": "amazon",
            "image_type": "machine",
            "kernel_id": null,
            "most_recent": true,
            "name": "amzn2-ami-hvm-2.0.20210813.1-x86_64-gp2",
            "name_regex": null,
            "owner_id": "137112412989",
            "owners": [
              "amazon"
            ],
            "platform": null,
            "platform_details": "Linux/UNIX",
            "product_codes": [],
            "public": true,
            "ramdisk_id": null,
            "root_device_name": "/dev/xvda",
            "root_device_type": "ebs",
            "root_snapshot_id": "snap-080a67170bf51bff7",
            "sriov_net_support": "simple",
            "state": "available",
            "state_reason": {
              "code": "UNSET",
              "message": "UNSET"
            },
            "tags": {},
            "usage_operation": "RunInstances",
            "virtualization_type": "hvm"
          },
          "sensitive_attributes": []
        }
      ]
    },
    {
      "module": "module.app_instance",
      "mode": "data",
      "type": "template_file",
      "name": "USER_DATA",
      "provider": "provider[\"registry.terraform.io/hashicorp/template\"]",
      "instances": [
        {
          "schema_version": 0,
          "attributes": {
            "filename": null,
            "id": "1f8fe12c792aa69d949b3bbb4cc73a8d13e577e7285e15b347029b922f97d14c",
            "rendered": "#!/bin/bash\n\nyum update -y\namazon-linux-extras install docker -y\nyum install docker -y\nservice docker start\nusermod -a -G docker ec2-user\n\ncurl -L https://github.com/docker/compose/releases/download/1.21.0/docker-compose-`uname -s`-`uname -m` | sudo tee /usr/local/bin/docker-compose \u003e /dev/null\nchmod +x /usr/local/bin/docker-compose\nln -s /usr/local/bin/docker-compose /usr/bin/docker-compose\ndocker-compose --version\n\nsudo docker-compose -f /tmp/docker-compose-remote.yml up -d\n\n",
            "template": "#!/bin/bash\n\nyum update -y\namazon-linux-extras install docker -y\nyum install docker -y\nservice docker start\nusermod -a -G docker ec2-user\n\ncurl -L https://github.com/docker/compose/releases/download/1.21.0/docker-compose-`uname -s`-`uname -m` | sudo tee /usr/local/bin/docker-compose \u003e /dev/null\nchmod +x /usr/local/bin/docker-compose\nln -s /usr/local/bin/docker-compose /usr/bin/docker-compose\ndocker-compose --version\n\nsudo docker-compose -f /tmp/docker-compose-remote.yml up -d\n\n",
            "vars": null
          },
          "sensitive_attributes": []
        }
      ]
    },
    {
      "module": "module.app_instance",
      "mode": "managed",
      "type": "aws_instance",
      "name": "INSTANCE_NEW",
      "provider": "provider[\"registry.terraform.io/hashicorp/aws\"]",
      "instances": [
        {
          "schema_version": 1,
          "attributes": {
            "ami": "ami-0c2d06d50ce30b442",
            "arn": "arn:aws:ec2:us-west-2:711454914059:instance/i-0207b1d59c0922c27",
            "associate_public_ip_address": true,
            "availability_zone": "us-west-2a",
            "capacity_reservation_specification": [
              {
                "capacity_reservation_preference": "open",
                "capacity_reservation_target": []
              }
            ],
            "cpu_core_count": 1,
            "cpu_threads_per_core": 1,
            "credit_specification": [
              {
                "cpu_credits": "standard"
              }
            ],
            "disable_api_termination": false,
            "ebs_block_device": [],
            "ebs_optimized": false,
            "enclave_options": [
              {
                "enabled": false
              }
            ],
            "ephemeral_block_device": [],
            "get_password_data": false,
            "hibernation": false,
            "host_id": null,
            "iam_instance_profile": "",
            "id": "i-0207b1d59c0922c27",
            "instance_initiated_shutdown_behavior": "stop",
            "instance_state": "running",
            "instance_type": "t2.micro",
            "ipv6_address_count": 0,
            "ipv6_addresses": [],
            "key_name": "public-aws-key",
            "launch_template": [],
            "metadata_options": [
              {
                "http_endpoint": "enabled",
                "http_put_response_hop_limit": 1,
                "http_tokens": "optional"
              }
            ],
            "monitoring": false,
            "network_interface": [],
            "outpost_arn": "",
            "password_data": "",
            "placement_group": "",
            "primary_network_interface_id": "eni-07460f3aca1a6d9f3",
            "private_dns": "ip-10-0-1-138.us-west-2.compute.internal",
            "private_ip": "10.0.1.138",
            "public_dns": "",
            "public_ip": "34.215.173.180",
            "root_block_device": [
              {
                "delete_on_termination": true,
                "device_name": "/dev/xvda",
                "encrypted": false,
                "iops": 100,
                "kms_key_id": "",
                "tags": {},
                "throughput": 0,
                "volume_id": "vol-053e486e0c17ab11a",
                "volume_size": 8,
                "volume_type": "gp2"
              }
            ],
            "secondary_private_ips": [],
            "security_groups": [],
            "source_dest_check": true,
            "subnet_id": "subnet-0a7c72ec4a56b1a39",
            "tags": {
              "type": "Kittens Store"
            },
            "tags_all": {
              "type": "Kittens Store"
            },
            "tenancy": "default",
            "timeouts": null,
            "user_data": "97053764ed9ec2c21a2f7c584d884b9e7bc72b7f",
            "user_data_base64": null,
            "volume_tags": null,
            "vpc_security_group_ids": [
              "sg-02648eaa88a2ca2eb"
            ]
          },
          "sensitive_attributes": [],
          "private": "eyJlMmJmYjczMC1lY2FhLTExZTYtOGY4OC0zNDM2M2JjN2M0YzAiOnsiY3JlYXRlIjo2MDAwMDAwMDAwMDAsImRlbGV0ZSI6MTIwMDAwMDAwMDAwMCwidXBkYXRlIjo2MDAwMDAwMDAwMDB9LCJzY2hlbWFfdmVyc2lvbiI6IjEifQ==",
          "dependencies": [
            "module.app_instance.aws_key_pair.AWS_KEY",
            "module.app_instance.data.aws_ami.AWS_AMI_RES",
            "module.app_instance.data.template_file.USER_DATA",
            "module.security.aws_security_group.SECURITY_GROUP_PORTS",
            "module.vpc.aws_subnet.SUBNET"
          ]
        }
      ]
    },
    {
      "module": "module.app_instance",
      "mode": "managed",
      "type": "aws_key_pair",
      "name": "AWS_KEY",
      "provider": "provider[\"registry.terraform.io/hashicorp/aws\"]",
      "instances": [
        {
          "schema_version": 1,
          "attributes": {
            "arn": "arn:aws:ec2:us-west-2:711454914059:key-pair/public-aws-key",
            "fingerprint": "66:30:85:07:09:69:b7:70:66:f2:62:e1:ba:17:8f:83",
            "id": "public-aws-key",
            "key_name": "public-aws-key",
            "key_name_prefix": null,
            "key_pair_id": "key-01aa24ae86bac1853",
            "public_key": "ssh-rsa AAAAB3NzaC1yc2EAAAADAQABAAABAQDd3ssSq1AJ3TST73Btuc977BxSqg2yZhivRCF/aFeNoEvNcQ9kiN8N1G1yfQ4fcWIn5NxG2qyuYurAAIlZ+c5ojkWvL4KHzdk1yz1R7ZnOWwIJfPdSCt/DVltU7X96G0SpsNiUr7HoxDS77p3OHTo1zzGRjWKRA4nnK6Dkk3j+TrZYYYNkmagYHjZYd7ZBrluukq63m7fiKzCrFQXQxFoKnqTGHqcnGyutnvumYyH5s+ZPE+8SDbkWaq16Ql3h+TrVKSuyQHdNBkCEELeTlwk9nIqF7rS2ctbwbqmSdGyBs8QWN9932WHi7s+I6aByX/Lp+9oT1oY3Aihfn3SmEt6/ volodymyr@Volodymyrs-MacBook-Pro.local",
            "tags": {},
            "tags_all": {}
          },
          "sensitive_attributes": [],
          "private": "eyJzY2hlbWFfdmVyc2lvbiI6IjEifQ=="
        }
      ]
    },
    {
      "module": "module.security",
      "mode": "data",
      "type": "http",
      "name": "myip",
      "provider": "provider[\"registry.terraform.io/hashicorp/http\"]",
      "instances": [
        {
          "schema_version": 0,
          "attributes": {
            "body": "95.47.56.240\n",
            "id": "http://ipv4.icanhazip.com",
            "request_headers": null,
            "response_headers": {
              "Access-Control-Allow-Methods": "GET",
              "Access-Control-Allow-Origin": "*",
              "Alt-Svc": "h3=\":443\"; ma=86400, h3-29=\":443\"; ma=86400, h3-28=\":443\"; ma=86400, h3-27=\":443\"; ma=86400",
              "Cf-Ray": "68f14e314ba15043-WAW",
              "Connection": "keep-alive",
              "Content-Length": "13",
              "Content-Type": "text/plain",
              "Date": "Wed, 15 Sep 2021 10:52:25 GMT",
              "Server": "cloudflare",
              "Set-Cookie": "__cf_bm=0RoZpF_py2Fw1fyzXKLjY14v99iYJYQAubr1go.nD2s-1631703145-0-AQGlveCOKkqtVnGAC78IOGKI32r+ma+rMW5pFX/1Zs/ZWf9XsaOjD+KuOzd0cC/L7QJoHwewjJukv2ybDd0FL6k=; path=/; expires=Wed, 15-Sep-21 11:22:25 GMT; domain=.icanhazip.com; HttpOnly; SameSite=None",
              "Vary": "Accept-Encoding"
            },
            "url": "http://ipv4.icanhazip.com"
          },
          "sensitive_attributes": []
        }
      ]
    },
    {
      "module": "module.security",
      "mode": "managed",
      "type": "aws_security_group",
      "name": "SECURITY_GROUP_PORTS",
      "provider": "provider[\"registry.terraform.io/hashicorp/aws\"]",
      "instances": [
        {
          "schema_version": 1,
          "attributes": {
            "arn": "arn:aws:ec2:us-west-2:711454914059:security-group/sg-02648eaa88a2ca2eb",
            "description": "Allow TLS inbound traffic",
            "egress": [
              {
                "cidr_blocks": [
                  "0.0.0.0/0"
                ],
                "description": "Egress from VPC",
                "from_port": 0,
                "ipv6_cidr_blocks": [],
                "prefix_list_ids": [],
                "protocol": "-1",
                "security_groups": [],
                "self": false,
                "to_port": 0
              }
            ],
            "id": "sg-02648eaa88a2ca2eb",
            "ingress": [
              {
                "cidr_blocks": [
                  "95.47.56.240/32"
                ],
                "description": "HTTP from VPC",
                "from_port": 1234,
                "ipv6_cidr_blocks": [],
                "prefix_list_ids": [],
                "protocol": "tcp",
                "security_groups": [],
                "self": false,
                "to_port": 1234
              },
              {
                "cidr_blocks": [
                  "95.47.56.240/32"
                ],
                "description": "SSH from VPC",
                "from_port": 22,
                "ipv6_cidr_blocks": [],
                "prefix_list_ids": [],
                "protocol": "tcp",
                "security_groups": [],
                "self": false,
                "to_port": 22
              }
            ],
            "name": "allow_tls20210915104306591900000001",
            "name_prefix": "allow_tls",
            "owner_id": "711454914059",
            "revoke_rules_on_delete": false,
            "tags": {
              "Name": "allow_tls"
            },
            "tags_all": {
              "Name": "allow_tls"
            },
            "timeouts": null,
            "vpc_id": "vpc-036c3b691f006137f"
          },
          "sensitive_attributes": [],
          "private": "eyJlMmJmYjczMC1lY2FhLTExZTYtOGY4OC0zNDM2M2JjN2M0YzAiOnsiY3JlYXRlIjo2MDAwMDAwMDAwMDAsImRlbGV0ZSI6OTAwMDAwMDAwMDAwfSwic2NoZW1hX3ZlcnNpb24iOiIxIn0=",
          "dependencies": [
            "module.security.data.http.myip",
            "module.vpc.aws_vpc.VPC"
          ]
        }
      ]
    },
    {
      "module": "module.vpc",
      "mode": "data",
      "type": "aws_availability_zones",
      "name": "zones",
      "provider": "module.vpc.provider[\"registry.terraform.io/hashicorp/aws\"]",
      "instances": [
        {
          "schema_version": 0,
          "attributes": {
            "all_availability_zones": null,
            "exclude_names": null,
            "exclude_zone_ids": null,
            "filter": null,
            "group_names": [
              "us-west-2"
            ],
            "id": "us-west-2",
            "names": [
              "us-west-2a",
              "us-west-2b",
              "us-west-2c",
              "us-west-2d"
            ],
            "state": "available",
            "zone_ids": [
              "usw2-az2",
              "usw2-az1",
              "usw2-az3",
              "usw2-az4"
            ]
          },
          "sensitive_attributes": []
        }
      ]
    },
    {
      "module": "module.vpc",
      "mode": "managed",
      "type": "aws_internet_gateway",
      "name": "GW",
      "provider": "module.vpc.provider[\"registry.terraform.io/hashicorp/aws\"]",
      "instances": [
        {
          "schema_version": 0,
          "attributes": {
            "arn": "arn:aws:ec2:us-west-2:711454914059:internet-gateway/igw-0746f63607ee0de7d",
            "id": "igw-0746f63607ee0de7d",
            "owner_id": "711454914059",
            "tags": {
              "Name": "AWS GW"
            },
            "tags_all": {
              "Name": "AWS GW"
            },
            "vpc_id": "vpc-036c3b691f006137f"
          },
          "sensitive_attributes": [],
          "private": "bnVsbA==",
          "dependencies": [
            "module.vpc.aws_vpc.VPC"
          ]
        }
      ]
    },
    {
      "module": "module.vpc",
      "mode": "managed",
      "type": "aws_route_table",
      "name": "ROUTING_TABLE",
      "provider": "module.vpc.provider[\"registry.terraform.io/hashicorp/aws\"]",
      "instances": [
        {
          "schema_version": 0,
          "attributes": {
            "arn": "arn:aws:ec2:us-west-2:711454914059:route-table/rtb-0abd1c86f903becb5",
            "id": "rtb-0abd1c86f903becb5",
            "owner_id": "711454914059",
            "propagating_vgws": [],
            "route": [
              {
                "carrier_gateway_id": "",
                "cidr_block": "0.0.0.0/0",
                "destination_prefix_list_id": "",
                "egress_only_gateway_id": "",
                "gateway_id": "igw-0746f63607ee0de7d",
                "instance_id": "",
                "ipv6_cidr_block": "",
                "local_gateway_id": "",
                "nat_gateway_id": "",
                "network_interface_id": "",
                "transit_gateway_id": "",
                "vpc_endpoint_id": "",
                "vpc_peering_connection_id": ""
              }
            ],
            "tags": {
              "Name": "RoutingTable-public"
            },
            "tags_all": {
              "Name": "RoutingTable-public"
            },
            "vpc_id": "vpc-036c3b691f006137f"
          },
          "sensitive_attributes": [],
          "private": "bnVsbA==",
          "dependencies": [
            "module.vpc.aws_internet_gateway.GW",
            "module.vpc.aws_vpc.VPC"
          ]
        }
      ]
    },
    {
      "module": "module.vpc",
      "mode": "managed",
      "type": "aws_route_table_association",
      "name": "ROUTE_TABLE",
      "provider": "module.vpc.provider[\"registry.terraform.io/hashicorp/aws\"]",
      "instances": [
        {
          "index_key": 0,
          "schema_version": 0,
          "attributes": {
            "gateway_id": "",
            "id": "rtbassoc-0d46962d022dace25",
            "route_table_id": "rtb-0abd1c86f903becb5",
            "subnet_id": "subnet-0a7c72ec4a56b1a39"
          },
          "sensitive_attributes": [],
          "private": "bnVsbA==",
          "dependencies": [
            "module.vpc.data.aws_availability_zones.zones",
            "module.vpc.aws_internet_gateway.GW",
            "module.vpc.aws_route_table.ROUTING_TABLE",
            "module.vpc.aws_subnet.SUBNET",
            "module.vpc.aws_vpc.VPC"
          ]
        },
        {
          "index_key": 1,
          "schema_version": 0,
          "attributes": {
            "gateway_id": "",
            "id": "rtbassoc-032e25cbe3be93885",
            "route_table_id": "rtb-0abd1c86f903becb5",
            "subnet_id": "subnet-0c566dfee0c2a57b0"
          },
          "sensitive_attributes": [],
          "private": "bnVsbA==",
          "dependencies": [
            "module.vpc.aws_internet_gateway.GW",
            "module.vpc.aws_route_table.ROUTING_TABLE",
            "module.vpc.aws_subnet.SUBNET",
            "module.vpc.aws_vpc.VPC",
            "module.vpc.data.aws_availability_zones.zones"
          ]
        }
      ]
    },
    {
      "module": "module.vpc",
      "mode": "managed",
      "type": "aws_subnet",
      "name": "SUBNET",
      "provider": "module.vpc.provider[\"registry.terraform.io/hashicorp/aws\"]",
      "instances": [
        {
          "index_key": 0,
          "schema_version": 1,
          "attributes": {
            "arn": "arn:aws:ec2:us-west-2:711454914059:subnet/subnet-0a7c72ec4a56b1a39",
            "assign_ipv6_address_on_creation": false,
            "availability_zone": "us-west-2a",
            "availability_zone_id": "usw2-az2",
            "cidr_block": "10.0.1.0/24",
            "customer_owned_ipv4_pool": "",
            "id": "subnet-0a7c72ec4a56b1a39",
            "ipv6_cidr_block": "",
            "ipv6_cidr_block_association_id": "",
            "map_customer_owned_ip_on_launch": false,
            "map_public_ip_on_launch": false,
            "outpost_arn": "",
            "owner_id": "711454914059",
            "tags": {
              "Name": "Subnet-public-1"
            },
            "tags_all": {
              "Name": "Subnet-public-1"
            },
            "timeouts": null,
            "vpc_id": "vpc-036c3b691f006137f"
          },
          "sensitive_attributes": [],
          "private": "eyJlMmJmYjczMC1lY2FhLTExZTYtOGY4OC0zNDM2M2JjN2M0YzAiOnsiY3JlYXRlIjo2MDAwMDAwMDAwMDAsImRlbGV0ZSI6MTIwMDAwMDAwMDAwMH0sInNjaGVtYV92ZXJzaW9uIjoiMSJ9",
          "dependencies": [
            "module.vpc.aws_vpc.VPC",
            "module.vpc.data.aws_availability_zones.zones"
          ]
        },
        {
          "index_key": 1,
          "schema_version": 1,
          "attributes": {
            "arn": "arn:aws:ec2:us-west-2:711454914059:subnet/subnet-0c566dfee0c2a57b0",
            "assign_ipv6_address_on_creation": false,
            "availability_zone": "us-west-2b",
            "availability_zone_id": "usw2-az1",
            "cidr_block": "10.0.2.0/24",
            "customer_owned_ipv4_pool": "",
            "id": "subnet-0c566dfee0c2a57b0",
            "ipv6_cidr_block": "",
            "ipv6_cidr_block_association_id": "",
            "map_customer_owned_ip_on_launch": false,
            "map_public_ip_on_launch": false,
            "outpost_arn": "",
            "owner_id": "711454914059",
            "tags": {
              "Name": "Subnet-public-2"
            },
            "tags_all": {
              "Name": "Subnet-public-2"
            },
            "timeouts": null,
            "vpc_id": "vpc-036c3b691f006137f"
          },
          "sensitive_attributes": [],
          "private": "eyJlMmJmYjczMC1lY2FhLTExZTYtOGY4OC0zNDM2M2JjN2M0YzAiOnsiY3JlYXRlIjo2MDAwMDAwMDAwMDAsImRlbGV0ZSI6MTIwMDAwMDAwMDAwMH0sInNjaGVtYV92ZXJzaW9uIjoiMSJ9",
          "dependencies": [
            "module.vpc.aws_vpc.VPC",
            "module.vpc.data.aws_availability_zones.zones"
          ]
        }
      ]
    },
    {
      "module": "module.vpc",
      "mode": "managed",
      "type": "aws_vpc",
      "name": "VPC",
      "provider": "module.vpc.provider[\"registry.terraform.io/hashicorp/aws\"]",
      "instances": [
        {
          "schema_version": 1,
          "attributes": {
            "arn": "arn:aws:ec2:us-west-2:711454914059:vpc/vpc-036c3b691f006137f",
            "assign_generated_ipv6_cidr_block": false,
            "cidr_block": "10.0.0.0/16",
            "default_network_acl_id": "acl-04dfecb982f9661c1",
            "default_route_table_id": "rtb-0ec4ba99b1563979d",
            "default_security_group_id": "sg-0fba95902197f2dc9",
            "dhcp_options_id": "dopt-7fd1ed07",
            "enable_classiclink": false,
            "enable_classiclink_dns_support": false,
            "enable_dns_hostnames": false,
            "enable_dns_support": true,
            "id": "vpc-036c3b691f006137f",
            "instance_tenancy": "default",
            "ipv6_association_id": "",
            "ipv6_cidr_block": "",
            "main_route_table_id": "rtb-0ec4ba99b1563979d",
            "owner_id": "711454914059",
            "tags": {
              "Name": "Kittens Store VPC"
            },
            "tags_all": {
              "Name": "Kittens Store VPC"
            }
          },
          "sensitive_attributes": [],
          "private": "eyJzY2hlbWFfdmVyc2lvbiI6IjEifQ=="
        }
      ]
    }
  ]
}
